
Microsoft Visual Studio Solution File, Format Version 12.00
# Visual Studio Version 17
VisualStudioVersion = 17.14.37027.9
MinimumVisualStudioVersion = 10.0.40219.1
Project("{FAE04EC0-301F-11D3-BF4B-00C04F79EFBC}") = "GetWeatherAPI", "GetWeatherAPI.csproj", "{8846F7DC-D079-4147-8CDB-654387AC610D}"
EndProject
Project("{FAE04EC0-301F-11D3-BF4B-00C04F79EFBC}") = "GetWeatherAPI.Tests", "..\GetWeatherAPI.Tests\GetWeatherAPI.Tests.csproj", "{C781843F-697C-493B-908B-BBBDE57630B2}"
EndProject
Global
	GlobalSection(SolutionConfigurationPlatforms) = preSolution
		Debug|Any CPU = Debug|Any CPU
		Release|Any CPU = Release|Any CPU
	EndGlobalSection
	GlobalSection(ProjectConfigurationPlatforms) = postSolution
		{8846F7DC-D079-4147-8CDB-654387AC610D}.Debug|Any CPU.ActiveCfg = Debug|Any CPU
		{8846F7DC-D079-4147-8CDB-654387AC610D}.Debug|Any CPU.Build.0 = Debug|Any CPU
		{8846F7DC-D079-4147-8CDB-654387AC610D}.Release|Any CPU.ActiveCfg = Release|Any CPU
		{8846F7DC-D079-4147-8CDB-654387AC610D}.Release|Any CPU.Build.0 = Release|Any CPU
		{C781843F-697C-493B-908B-BBBDE57630B2}.Debug|Any CPU.ActiveCfg = Debug|Any CPU
		{C781843F-697C-493B-908B-BBBDE57630B2}.Debug|Any CPU.Build.0 = Debug|Any CPU
		{C781843F-697C-493B-908B-BBBDE57630B2}.Release|Any CPU.ActiveCfg = Release|Any CPU
		{C781843F-697C-493B-908B-BBBDE57630B2}.Release|Any CPU.Build.0 = Release|Any CPU
	EndGlobalSection
	GlobalSection(SolutionProperties) = preSolution
		HideSolutionNode = FALSE
	EndGlobalSection
	GlobalSection(ExtensibilityGlobals) = postSolution
		SolutionGuid = {DB3AF738-BACC-454E-B17B-01F769BEEFAE}
	EndGlobalSection
EndGlobal
